PODS:
  - FacebookCore (0.9.0):
    - FBSDKCoreKit (~> 5.0)
  - FacebookLogin (0.9.0):
    - FacebookCore (~> 0.9.0)
    - FBSDKCoreKit (~> 5.0)
    - FBSDKLoginKit (~> 5.0)
  - FacebookShare (0.9.0):
    - FacebookCore (~> 0.9.0)
    - FBSDKCoreKit (~> 5.0)
    - FBSDKShareKit (~> 5.0)
  - FBSDKCoreKit (5.10.0):
    - FBSDKCoreKit/Basics (= 5.10.0)
    - FBSDKCoreKit/Core (= 5.10.0)
  - FBSDKCoreKit/Basics (5.10.0)
  - FBSDKCoreKit/Core (5.10.0):
    - FBSDKCoreKit/Basics
  - FBSDKLoginKit (5.10.0):
    - FBSDKLoginKit/Login (= 5.10.0)
  - FBSDKLoginKit/Login (5.10.0):
    - FBSDKCoreKit (~> 5.0)
  - FBSDKShareKit (5.13.1):
    - FBSDKShareKit/Share (= 5.13.1)
  - FBSDKShareKit/Share (5.13.1):
    - FBSDKCoreKit (~> 5.0)
  - Flutter (1.0.0)
  - flutter_facebook_login (0.0.1):
    - FBSDKCoreKit (~> 5.5)
    - FBSDKLoginKit (~> 5.5)
    - Flutter
  - share_post (0.0.1):
    - FacebookCore
    - FacebookLogin
    - FacebookShare
    - Flutter

DEPENDENCIES:
  - Flutter (from `Flutter`)
  - flutter_facebook_login (from `.symlinks/plugins/flutter_facebook_login/ios`)
  - share_post (from `.symlinks/plugins/share_post/ios`)

SPEC REPOS:
  trunk:
    - FacebookCore
    - FacebookLogin
    - FacebookShare
    - FBSDKCoreKit
    - FBSDKLoginKit
    - FBSDKShareKit

EXTERNAL SOURCES:
  Flutter:
    :path: Flutter
  flutter_facebook_login:
    :path: ".symlinks/plugins/flutter_facebook_login/ios"
  share_post:
    :path: ".symlinks/plugins/share_post/ios"

SPEC CHECKSUMS:
  FacebookCore: ba86524b66cfa86d0f8e65d08faa8504a9f732dd
  FacebookLogin: 6cee9fd6e1fe976fe8f7eec199e27b28b14f5d63
  FacebookShare: 85968ad1b1606c4944fb154924e425fd29184ea5
  FBSDKCoreKit: f9bae468a078f20c05c73450825ccd54cfafbbb7
  FBSDKLoginKit: 4ece964272a52c4e1363d5c048a545e33761491b
  FBSDKShareKit: 8a0e4d7172c7b706991c834cff2bf74e7b4726e3
  Flutter: 0e3d915762c693b495b44d77113d4970485de6ec
  flutter_facebook_login: cfb5659f686b1c575ef205c6b6fd20db9679d3c4
  share_post: fa8a1dd32d44a296076bc5e4f88dd10134361a04

PODFILE CHECKSUM: 1b66dae606f75376c5f2135a8290850eeb09ae83

COCOAPODS: 1.8.4
